// !$*UTF8*$!
{
	archiveVersion = 1;
	classes = {
	};
	objectVersion = 56;
	objects = {

/* Begin PBXBuildFile section */
		870E878A2A4EE87E009EBCEA /* Product.swift in Sources */ = {isa = PBXBuildFile; fileRef = 870E87892A4EE87E009EBCEA /* Product.swift */; };
		870E878F2A50AB9E009EBCEA /* ImageSliderView.swift in Sources */ = {isa = PBXBuildFile; fileRef = 870E878E2A50AB9E009EBCEA /* ImageSliderView.swift */; };
		870E87912A50B0FC009EBCEA /* ProductCardView.swift in Sources */ = {isa = PBXBuildFile; fileRef = 870E87902A50B0FC009EBCEA /* ProductCardView.swift */; };
		870E87932A50B114009EBCEA /* Search.swift in Sources */ = {isa = PBXBuildFile; fileRef = 870E87922A50B114009EBCEA /* Search.swift */; };
		870E87952A50B318009EBCEA /* CartManger.swift in Sources */ = {isa = PBXBuildFile; fileRef = 870E87942A50B318009EBCEA /* CartManger.swift */; };
		870E87972A50BA9C009EBCEA /* CartButton.swift in Sources */ = {isa = PBXBuildFile; fileRef = 870E87962A50BA9C009EBCEA /* CartButton.swift */; };
		870E879A2A50BBAA009EBCEA /* HomePage.swift in Sources */ = {isa = PBXBuildFile; fileRef = 870E87992A50BBAA009EBCEA /* HomePage.swift */; };
		870E879C2A50C819009EBCEA /* CartProductView.swift in Sources */ = {isa = PBXBuildFile; fileRef = 870E879B2A50C819009EBCEA /* CartProductView.swift */; };
		870E879E2A50CA39009EBCEA /* CartView.swift in Sources */ = {isa = PBXBuildFile; fileRef = 870E879D2A50CA39009EBCEA /* CartView.swift */; };
		870E87A02A50CE34009EBCEA /* PaymentButton.swift in Sources */ = {isa = PBXBuildFile; fileRef = 870E879F2A50CE34009EBCEA /* PaymentButton.swift */; };
		870E87A22A50D276009EBCEA /* ProductDetailView.swift in Sources */ = {isa = PBXBuildFile; fileRef = 870E87A12A50D276009EBCEA /* ProductDetailView.swift */; };
		87788E0A2A49EDF300376424 /* store_swiftuiApp.swift in Sources */ = {isa = PBXBuildFile; fileRef = 87788E092A49EDF300376424 /* store_swiftuiApp.swift */; };
		87788E0C2A49EDF300376424 /* ContentView.swift in Sources */ = {isa = PBXBuildFile; fileRef = 87788E0B2A49EDF300376424 /* ContentView.swift */; };
		87788E0E2A49EDF500376424 /* Assets.xcassets in Resources */ = {isa = PBXBuildFile; fileRef = 87788E0D2A49EDF500376424 /* Assets.xcassets */; };
		87788E112A49EDF500376424 /* Preview Assets.xcassets in Resources */ = {isa = PBXBuildFile; fileRef = 87788E102A49EDF500376424 /* Preview Assets.xcassets */; };
/* End PBXBuildFile section */

/* Begin PBXFileReference section */
		870E87892A4EE87E009EBCEA /* Product.swift */ = {isa = PBXFileReference; lastKnownFileType = sourcecode.swift; path = Product.swift; sourceTree = "<group>"; };
		870E878E2A50AB9E009EBCEA /* ImageSliderView.swift */ = {isa = PBXFileReference; lastKnownFileType = sourcecode.swift; path = ImageSliderView.swift; sourceTree = "<group>"; };
		870E87902A50B0FC009EBCEA /* ProductCardView.swift */ = {isa = PBXFileReference; lastKnownFileType = sourcecode.swift; path = ProductCardView.swift; sourceTree = "<group>"; };
		870E87922A50B114009EBCEA /* Search.swift */ = {isa = PBXFileReference; lastKnownFileType = sourcecode.swift; path = Search.swift; sourceTree = "<group>"; };
		870E87942A50B318009EBCEA /* CartManger.swift */ = {isa = PBXFileReference; lastKnownFileType = sourcecode.swift; path = CartManger.swift; sourceTree = "<group>"; };
		870E87962A50BA9C009EBCEA /* CartButton.swift */ = {isa = PBXFileReference; lastKnownFileType = sourcecode.swift; path = CartButton.swift; sourceTree = "<group>"; };
		870E87992A50BBAA009EBCEA /* HomePage.swift */ = {isa = PBXFileReference; lastKnownFileType = sourcecode.swift; path = HomePage.swift; sourceTree = "<group>"; };
		870E879B2A50C819009EBCEA /* CartProductView.swift */ = {isa = PBXFileReference; lastKnownFileType = sourcecode.swift; path = CartProductView.swift; sourceTree = "<group>"; };
		870E879D2A50CA39009EBCEA /* CartView.swift */ = {isa = PBXFileReference; lastKnownFileType = sourcecode.swift; path = CartView.swift; sourceTree = "<group>"; };
		870E879F2A50CE34009EBCEA /* PaymentButton.swift */ = {isa = PBXFileReference; lastKnownFileType = sourcecode.swift; path = PaymentButton.swift; sourceTree = "<group>"; };
		870E87A12A50D276009EBCEA /* ProductDetailView.swift */ = {isa = PBXFileReference; lastKnownFileType = sourcecode.swift; path = ProductDetailView.swift; sourceTree = "<group>"; };
		87788E062A49EDF300376424 /* store_swiftui.app */ = {isa = PBXFileReference; explicitFileType = wrapper.application; includeInIndex = 0; path = store_swiftui.app; sourceTree = BUILT_PRODUCTS_DIR; };
		87788E092A49EDF300376424 /* store_swiftuiApp.swift */ = {isa = PBXFileReference; lastKnownFileType = sourcecode.swift; path = store_swiftuiApp.swift; sourceTree = "<group>"; };
		87788E0B2A49EDF300376424 /* ContentView.swift */ = {isa = PBXFileReference; lastKnownFileType = sourcecode.swift; path = ContentView.swift; sourceTree = "<group>"; };
		87788E0D2A49EDF500376424 /* Assets.xcassets */ = {isa = PBXFileReference; lastKnownFileType = folder.assetcatalog; path = Assets.xcassets; sourceTree = "<group>"; };
		87788E102A49EDF500376424 /* Preview Assets.xcassets */ = {isa = PBXFileReference; lastKnownFileType = folder.assetcatalog; path = "Preview Assets.xcassets"; sourceTree = "<group>"; };
/* End PBXFileReference section */

/* Begin PBXFrameworksBuildPhase section */
		87788E032A49EDF300376424 /* Frameworks */ = {
			isa = PBXFrameworksBuildPhase;
			buildActionMask = 2147483647;
			files = (
			);
			runOnlyForDeploymentPostprocessing = 0;
		};
/* End PBXFrameworksBuildPhase section */

/* Begin PBXGroup section */
		870E87882A4EE862009EBCEA /* Models */ = {
			isa = PBXGroup;
			children = (
				870E87892A4EE87E009EBCEA /* Product.swift */,
			);
			path = Models;
			sourceTree = "<group>";
		};
		870E878B2A4EEC77009EBCEA /* Components */ = {
			isa = PBXGroup;
			children = (
				870E878E2A50AB9E009EBCEA /* ImageSliderView.swift */,
				870E87902A50B0FC009EBCEA /* ProductCardView.swift */,
				870E87922A50B114009EBCEA /* Search.swift */,
				870E87962A50BA9C009EBCEA /* CartButton.swift */,
				870E879B2A50C819009EBCEA /* CartProductView.swift */,
				870E879F2A50CE34009EBCEA /* PaymentButton.swift */,
			);
			path = Components;
			sourceTree = "<group>";
		};
		870E87982A50BB91009EBCEA /* Views */ = {
			isa = PBXGroup;
			children = (
				870E87992A50BBAA009EBCEA /* HomePage.swift */,
				870E879D2A50CA39009EBCEA /* CartView.swift */,
				870E87A12A50D276009EBCEA /* ProductDetailView.swift */,
			);
			path = Views;
			sourceTree = "<group>";
		};
		87788DFD2A49EDF300376424 = {
			isa = PBXGroup;
			children = (
				87788E082A49EDF300376424 /* store_swiftui */,
				87788E072A49EDF300376424 /* Products */,
			);
			sourceTree = "<group>";
		};
		87788E072A49EDF300376424 /* Products */ = {
			isa = PBXGroup;
			children = (
				87788E062A49EDF300376424 /* store_swiftui.app */,
			);
			name = Products;
			sourceTree = "<group>";
		};
		87788E082A49EDF300376424 /* store_swiftui */ = {
			isa = PBXGroup;
			children = (
				870E87982A50BB91009EBCEA /* Views */,
				870E878B2A4EEC77009EBCEA /* Components */,
				870E87882A4EE862009EBCEA /* Models */,
				87788E092A49EDF300376424 /* store_swiftuiApp.swift */,
				87788E0B2A49EDF300376424 /* ContentView.swift */,
				87788E0D2A49EDF500376424 /* Assets.xcassets */,
				87788E0F2A49EDF500376424 /* Preview Content */,
				870E87942A50B318009EBCEA /* CartManger.swift */,
			);
			path = store_swiftui;
			sourceTree = "<group>";
		};
		87788E0F2A49EDF500376424 /* Preview Content */ = {
			isa = PBXGroup;
			children = (
				87788E102A49EDF500376424 /* Preview Assets.xcassets */,
			);
			path = "Preview Content";
			sourceTree = "<group>";
		};
/* End PBXGroup section */

/* Begin PBXNativeTarget section */
		87788E052A49EDF300376424 /* store_swiftui */ = {
			isa = PBXNativeTarget;
			buildConfigurationList = 87788E142A49EDF500376424 /* Build configuration list for PBXNativeTarget "store_swiftui" */;
			buildPhases = (
				87788E022A49EDF300376424 /* Sources */,
				87788E032A49EDF300376424 /* Frameworks */,
				87788E042A49EDF300376424 /* Resources */,
			);
			buildRules = (
			);
			dependencies = (
			);
			name = store_swiftui;
			productName = store_swiftui;
			productReference = 87788E062A49EDF300376424 /* store_swiftui.app */;
			productType = "com.apple.product-type.application";
		};
/* End PBXNativeTarget section */

/* Begin PBXProject section */
		87788DFE2A49EDF300376424 /* Project object */ = {
			isa = PBXProject;
			attributes = {
				BuildIndependentTargetsInParallel = 1;
				LastSwiftUpdateCheck = 1410;
				LastUpgradeCheck = 1410;
				TargetAttributes = {
					87788E052A49EDF300376424 = {
						CreatedOnToolsVersion = 14.1;
					};
				};
			};
			buildConfigurationList = 87788E012A49EDF300376424 /* Build configuration list for PBXProject "store_swiftui" */;
			compatibilityVersion = "Xcode 14.0";
			developmentRegion = en;
			hasScannedForEncodings = 0;
			knownRegions = (
				en,
				Base,
			);
			mainGroup = 87788DFD2A49EDF300376424;
			productRefGroup = 87788E072A49EDF300376424 /* Products */;
			projectDirPath = "";
			projectRoot = "";
			targets = (
				87788E052A49EDF300376424 /* store_swiftui */,
			);
		};
/* End PBXProject section */

/* Begin PBXResourcesBuildPhase section */
		87788E042A49EDF300376424 /* Resources */ = {
			isa = PBXResourcesBuildPhase;
			buildActionMask = 2147483647;
			files = (
				87788E112A49EDF500376424 /* Preview Assets.xcassets in Resources */,
				87788E0E2A49EDF500376424 /* Assets.xcassets in Resources */,
			);
			runOnlyForDeploymentPostprocessing = 0;
		};
/* End PBXResourcesBuildPhase section */

/* Begin PBXSourcesBuildPhase section */
		87788E022A49EDF300376424 /* Sources */ = {
			isa = PBXSourcesBuildPhase;
			buildActionMask = 2147483647;
			files = (
				870E87A02A50CE34009EBCEA /* PaymentButton.swift in Sources */,
				87788E0C2A49EDF300376424 /* ContentView.swift in Sources */,
				870E879A2A50BBAA009EBCEA /* HomePage.swift in Sources */,
				870E87972A50BA9C009EBCEA /* CartButton.swift in Sources */,
				870E878F2A50AB9E009EBCEA /* ImageSliderView.swift in Sources */,
				87788E0A2A49EDF300376424 /* store_swiftuiApp.swift in Sources */,
				870E87932A50B114009EBCEA /* Search.swift in Sources */,
				870E879E2A50CA39009EBCEA /* CartView.swift in Sources */,
				870E87A22A50D276009EBCEA /* ProductDetailView.swift in Sources */,
				870E879C2A50C819009EBCEA /* CartProductView.swift in Sources */,
				870E87952A50B318009EBCEA /* CartManger.swift in Sources */,
				870E878A2A4EE87E009EBCEA /* Product.swift in Sources */,
				870E87912A50B0FC009EBCEA /* ProductCardView.swift in Sources */,
			);
			runOnlyForDeploymentPostprocessing = 0;
		};
/* End PBXSourcesBuildPhase section */

/* Begin XCBuildConfiguration section */
		87788E122A49EDF500376424 /* Debug */ = {
			isa = XCBuildConfiguration;
			buildSettings = {
				ALWAYS_SEARCH_USER_PATHS = NO;
				CLANG_ANALYZER_NONNULL = YES;
				CLANG_ANALYZER_NUMBER_OBJECT_CONVERSION = YES_AGGRESSIVE;
				CLANG_CXX_LANGUAGE_STANDARD = "gnu++20";
				CLANG_ENABLE_MODULES = YES;
				CLANG_ENABLE_OBJC_ARC = YES;
				CLANG_ENABLE_OBJC_WEAK = YES;
				CLANG_WARN_BLOCK_CAPTURE_AUTORELEASING = YES;
				CLANG_WARN_BOOL_CONVERSION = YES;
				CLANG_WARN_COMMA = YES;
				CLANG_WARN_CONSTANT_CONVERSION = YES;
				CLANG_WARN_DEPRECATED_OBJC_IMPLEMENTATIONS = YES;
				CLANG_WARN_DIRECT_OBJC_ISA_USAGE = YES_ERROR;
				CLANG_WARN_DOCUMENTATION_COMMENTS = YES;
				CLANG_WARN_EMPTY_BODY = YES;
				CLANG_WARN_ENUM_CONVERSION = YES;
				CLANG_WARN_INFINITE_RECURSION = YES;
				CLANG_WARN_INT_CONVERSION = YES;
				CLANG_WARN_NON_LITERAL_NULL_CONVERSION = YES;
				CLANG_WARN_OBJC_IMPLICIT_RETAIN_SELF = YES;
				CLANG_WARN_OBJC_LITERAL_CONVERSION = YES;
				CLANG_WARN_OBJC_ROOT_CLASS = YES_ERROR;
				CLANG_WARN_QUOTED_INCLUDE_IN_FRAMEWORK_HEADER = YES;
				CLANG_WARN_RANGE_LOOP_ANALYSIS = YES;
				CLANG_WARN_STRICT_PROTOTYPES = YES;
				CLANG_WARN_SUSPICIOUS_MOVE = YES;
				CLANG_WARN_UNGUARDED_AVAILABILITY = YES_AGGRESSIVE;
				CLANG_WARN_UNREACHABLE_CODE = YES;
				CLANG_WARN__DUPLICATE_METHOD_MATCH = YES;
				COPY_PHASE_STRIP = NO;
				DEBUG_INFORMATION_FORMAT = dwarf;
				ENABLE_STRICT_OBJC_MSGSEND = YES;
				ENABLE_TESTABILITY = YES;
				GCC_C_LANGUAGE_STANDARD = gnu11;
				GCC_DYNAMIC_NO_PIC = NO;
				GCC_NO_COMMON_BLOCKS = YES;
				GCC_OPTIMIZATION_LEVEL = 0;
				GCC_PREPROCESSOR_DEFINITIONS = (
					"DEBUG=1",
					"$(inherited)",
				);
				GCC_WARN_64_TO_32_BIT_CONVERSION = YES;
				GCC_WARN_ABOUT_RETURN_TYPE = YES_ERROR;
				GCC_WARN_UNDECLARED_SELECTOR = YES;
				GCC_WARN_UNINITIALIZED_AUTOS = YES_AGGRESSIVE;
				GCC_WARN_UNUSED_FUNCTION = YES;
				GCC_WARN_UNUSED_VARIABLE = YES;
				IPHONEOS_DEPLOYMENT_TARGET = 16.1;
				MTL_ENABLE_DEBUG_INFO = INCLUDE_SOURCE;
				MTL_FAST_MATH = YES;
				ONLY_ACTIVE_ARCH = YES;
				SDKROOT = iphoneos;
				SWIFT_ACTIVE_COMPILATION_CONDITIONS = DEBUG;
				SWIFT_OPTIMIZATION_LEVEL = "-Onone";
			};
			name = Debug;
		};
		87788E132A49EDF500376424 /* Release */ = {
			isa = XCBuildConfiguration;
			buildSettings = {
				ALWAYS_SEARCH_USER_PATHS = NO;
				CLANG_ANALYZER_NONNULL = YES;
				CLANG_ANALYZER_NUMBER_OBJECT_CONVERSION = YES_AGGRESSIVE;
				CLANG_CXX_LANGUAGE_STANDARD = "gnu++20";
				CLANG_ENABLE_MODULES = YES;
				CLANG_ENABLE_OBJC_ARC = YES;
				CLANG_ENABLE_OBJC_WEAK = YES;
				CLANG_WARN_BLOCK_CAPTURE_AUTORELEASING = YES;
				CLANG_WARN_BOOL_CONVERSION = YES;
				CLANG_WARN_COMMA = YES;
				CLANG_WARN_CONSTANT_CONVERSION = YES;
				CLANG_WARN_DEPRECATED_OBJC_IMPLEMENTATIONS = YES;
				CLANG_WARN_DIRECT_OBJC_ISA_USAGE = YES_ERROR;
				CLANG_WARN_DOCUMENTATION_COMMENTS = YES;
				CLANG_WARN_EMPTY_BODY = YES;
				CLANG_WARN_ENUM_CONVERSION = YES;
				CLANG_WARN_INFINITE_RECURSION = YES;
				CLANG_WARN_INT_CONVERSION = YES;
				CLANG_WARN_NON_LITERAL_NULL_CONVERSION = YES;
				CLANG_WARN_OBJC_IMPLICIT_RETAIN_SELF = YES;
				CLANG_WARN_OBJC_LITERAL_CONVERSION = YES;
				CLANG_WARN_OBJC_ROOT_CLASS = YES_ERROR;
				CLANG_WARN_QUOTED_INCLUDE_IN_FRAMEWORK_HEADER = YES;
				CLANG_WARN_RANGE_LOOP_ANALYSIS = YES;
				CLANG_WARN_STRICT_PROTOTYPES = YES;
				CLANG_WARN_SUSPICIOUS_MOVE = YES;
				CLANG_WARN_UNGUARDED_AVAILABILITY = YES_AGGRESSIVE;
				CLANG_WARN_UNREACHABLE_CODE = YES;
				CLANG_WARN__DUPLICATE_METHOD_MATCH = YES;
				COPY_PHASE_STRIP = NO;
				DEBUG_INFORMATION_FORMAT = "dwarf-with-dsym";
				ENABLE_NS_ASSERTIONS = NO;
				ENABLE_STRICT_OBJC_MSGSEND = YES;
				GCC_C_LANGUAGE_STANDARD = gnu11;
				GCC_NO_COMMON_BLOCKS = YES;
				GCC_WARN_64_TO_32_BIT_CONVERSION = YES;
				GCC_WARN_ABOUT_RETURN_TYPE = YES_ERROR;
				GCC_WARN_UNDECLARED_SELECTOR = YES;
				GCC_WARN_UNINITIALIZED_AUTOS = YES_AGGRESSIVE;
				GCC_WARN_UNUSED_FUNCTION = YES;
				GCC_WARN_UNUSED_VARIABLE = YES;
				IPHONEOS_DEPLOYMENT_TARGET = 16.1;
				MTL_ENABLE_DEBUG_INFO = NO;
				MTL_FAST_MATH = YES;
				SDKROOT = iphoneos;
				SWIFT_COMPILATION_MODE = wholemodule;
				SWIFT_OPTIMIZATION_LEVEL = "-O";
				VALIDATE_PRODUCT = YES;
			};
			name = Release;
		};
		87788E152A49EDF500376424 /* Debug */ = {
			isa = XCBuildConfiguration;
			buildSettings = {
				ASSETCATALOG_COMPILER_APPICON_NAME = AppIcon;
				ASSETCATALOG_COMPILER_GLOBAL_ACCENT_COLOR_NAME = AccentColor;
				CODE_SIGN_STYLE = Automatic;
				CURRENT_PROJECT_VERSION = 1;
				DEVELOPMENT_ASSET_PATHS = "\"store_swiftui/Preview Content\"";
				DEVELOPMENT_TEAM = 583MU3G3UH;
				ENABLE_PREVIEWS = YES;
				GENERATE_INFOPLIST_FILE = YES;
				INFOPLIST_KEY_UIApplicationSceneManifest_Generation = YES;
				INFOPLIST_KEY_UIApplicationSupportsIndirectInputEvents = YES;
				INFOPLIST_KEY_UILaunchScreen_Generation = YES;
				INFOPLIST_KEY_UISupportedInterfaceOrientations_iPad = "UIInterfaceOrientationPortrait UIInterfaceOrientationPortraitUpsideDown UIInterfaceOrientationLandscapeLeft UIInterfaceOrientationLandscapeRight";
				INFOPLIST_KEY_UISupportedInterfaceOrientations_iPhone = "UIInterfaceOrientationPortrait UIInterfaceOrientationLandscapeLeft UIInterfaceOrientationLandscapeRight";
				LD_RUNPATH_SEARCH_PATHS = (
					"$(inherited)",
					"@executable_path/Frameworks",
				);
				MARKETING_VERSION = 1.0;
				PRODUCT_BUNDLE_IDENTIFIER = "testw.store-swiftui";
				PRODUCT_NAME = "$(TARGET_NAME)";
				SWIFT_EMIT_LOC_STRINGS = YES;
				SWIFT_VERSION = 5.0;
				TARGETED_DEVICE_FAMILY = "1,2";
			};
			name = Debug;
		};
		87788E162A49EDF500376424 /* Release */ = {
			isa = XCBuildConfiguration;
			buildSettings = {
				ASSETCATALOG_COMPILER_APPICON_NAME = AppIcon;
				ASSETCATALOG_COMPILER_GLOBAL_ACCENT_COLOR_NAME = AccentColor;
				CODE_SIGN_STYLE = Automatic;
				CURRENT_PROJECT_VERSION = 1;
				DEVELOPMENT_ASSET_PATHS = "\"store_swiftui/Preview Content\"";
				DEVELOPMENT_TEAM = 583MU3G3UH;
				ENABLE_PREVIEWS = YES;
				GENERATE_INFOPLIST_FILE = YES;
				INFOPLIST_KEY_UIApplicationSceneManifest_Generation = YES;
				INFOPLIST_KEY_UIApplicationSupportsIndirectInputEvents = YES;
				INFOPLIST_KEY_UILaunchScreen_Generation = YES;
				INFOPLIST_KEY_UISupportedInterfaceOrientations_iPad = "UIInterfaceOrientationPortrait UIInterfaceOrientationPortraitUpsideDown UIInterfaceOrientationLandscapeLeft UIInterfaceOrientationLandscapeRight";
				INFOPLIST_KEY_UISupportedInterfaceOrientations_iPhone = "UIInterfaceOrientationPortrait UIInterfaceOrientationLandscapeLeft UIInterfaceOrientationLandscapeRight";
				LD_RUNPATH_SEARCH_PATHS = (
					"$(inherited)",
					"@executable_path/Frameworks",
				);
				MARKETING_VERSION = 1.0;
				PRODUCT_BUNDLE_IDENTIFIER = "testw.store-swiftui";
				PRODUCT_NAME = "$(TARGET_NAME)";
				SWIFT_EMIT_LOC_STRINGS = YES;
				SWIFT_VERSION = 5.0;
				TARGETED_DEVICE_FAMILY = "1,2";
			};
			name = Release;
		};
/* End XCBuildConfiguration section */

/* Begin XCConfigurationList section */
		87788E012A49EDF300376424 /* Build configuration list for PBXProject "store_swiftui" */ = {
			isa = XCConfigurationList;
			buildConfigurations = (
				87788E122A49EDF500376424 /* Debug */,
				87788E132A49EDF500376424 /* Release */,
			);
			defaultConfigurationIsVisible = 0;
			defaultConfigurationName = Release;
		};
		87788E142A49EDF500376424 /* Build configuration list for PBXNativeTarget "store_swiftui" */ = {
			isa = XCConfigurationList;
			buildConfigurations = (
				87788E152A49EDF500376424 /* Debug */,
				87788E162A49EDF500376424 /* Release */,
			);
			defaultConfigurationIsVisible = 0;
			defaultConfigurationName = Release;
		};
/* End XCConfigurationList section */
	};
	rootObject = 87788DFE2A49EDF300376424 /* Project object */;
}
